
Microsoft Visual Studio Solution File, Format Version 12.00
# Visual Studio 15
VisualStudioVersion = 15.0.26124.0
MinimumVisualStudioVersion = 15.0.26124.0
Project("{2150E333-8FDC-42A3-9474-1A3956D46DE8}") = "src", "src", "{408CD41D-60C7-4587-A3EA-63C6D675D7D7}"
EndProject
Project("{F2A71F9B-5D33-465A-A702-920D77279786}") = "FsComtrade.Lib", "src\FsComtrade.Lib\FsComtrade.Lib.fsproj", "{1439298F-1129-4453-AC8B-8DA344FF2DD1}"
EndProject
Project("{F2A71F9B-5D33-465A-A702-920D77279786}") = "FsComtrade.AppFs", "src\FsComtrade.AppFs\FsComtrade.AppFs.fsproj", "{9A2F2E2F-BF73-4107-8B29-1997AD8D0963}"
EndProject
Global
	GlobalSection(SolutionConfigurationPlatforms) = preSolution
		Debug|Any CPU = Debug|Any CPU
		Debug|x64 = Debug|x64
		Debug|x86 = Debug|x86
		Release|Any CPU = Release|Any CPU
		Release|x64 = Release|x64
		Release|x86 = Release|x86
	EndGlobalSection
	GlobalSection(SolutionProperties) = preSolution
		HideSolutionNode = FALSE
	EndGlobalSection
	GlobalSection(ProjectConfigurationPlatforms) = postSolution
		{1439298F-1129-4453-AC8B-8DA344FF2DD1}.Debug|Any CPU.ActiveCfg = Debug|Any CPU
		{1439298F-1129-4453-AC8B-8DA344FF2DD1}.Debug|Any CPU.Build.0 = Debug|Any CPU
		{1439298F-1129-4453-AC8B-8DA344FF2DD1}.Debug|x64.ActiveCfg = Debug|x64
		{1439298F-1129-4453-AC8B-8DA344FF2DD1}.Debug|x64.Build.0 = Debug|x64
		{1439298F-1129-4453-AC8B-8DA344FF2DD1}.Debug|x86.ActiveCfg = Debug|x86
		{1439298F-1129-4453-AC8B-8DA344FF2DD1}.Debug|x86.Build.0 = Debug|x86
		{1439298F-1129-4453-AC8B-8DA344FF2DD1}.Release|Any CPU.ActiveCfg = Release|Any CPU
		{1439298F-1129-4453-AC8B-8DA344FF2DD1}.Release|Any CPU.Build.0 = Release|Any CPU
		{1439298F-1129-4453-AC8B-8DA344FF2DD1}.Release|x64.ActiveCfg = Release|x64
		{1439298F-1129-4453-AC8B-8DA344FF2DD1}.Release|x64.Build.0 = Release|x64
		{1439298F-1129-4453-AC8B-8DA344FF2DD1}.Release|x86.ActiveCfg = Release|x86
		{1439298F-1129-4453-AC8B-8DA344FF2DD1}.Release|x86.Build.0 = Release|x86
		{9A2F2E2F-BF73-4107-8B29-1997AD8D0963}.Debug|Any CPU.ActiveCfg = Debug|Any CPU
		{9A2F2E2F-BF73-4107-8B29-1997AD8D0963}.Debug|Any CPU.Build.0 = Debug|Any CPU
		{9A2F2E2F-BF73-4107-8B29-1997AD8D0963}.Debug|x64.ActiveCfg = Debug|x64
		{9A2F2E2F-BF73-4107-8B29-1997AD8D0963}.Debug|x64.Build.0 = Debug|x64
		{9A2F2E2F-BF73-4107-8B29-1997AD8D0963}.Debug|x86.ActiveCfg = Debug|x86
		{9A2F2E2F-BF73-4107-8B29-1997AD8D0963}.Debug|x86.Build.0 = Debug|x86
		{9A2F2E2F-BF73-4107-8B29-1997AD8D0963}.Release|Any CPU.ActiveCfg = Release|Any CPU
		{9A2F2E2F-BF73-4107-8B29-1997AD8D0963}.Release|Any CPU.Build.0 = Release|Any CPU
		{9A2F2E2F-BF73-4107-8B29-1997AD8D0963}.Release|x64.ActiveCfg = Release|x64
		{9A2F2E2F-BF73-4107-8B29-1997AD8D0963}.Release|x64.Build.0 = Release|x64
		{9A2F2E2F-BF73-4107-8B29-1997AD8D0963}.Release|x86.ActiveCfg = Release|x86
		{9A2F2E2F-BF73-4107-8B29-1997AD8D0963}.Release|x86.Build.0 = Release|x86
	EndGlobalSection
	GlobalSection(NestedProjects) = preSolution
		{1439298F-1129-4453-AC8B-8DA344FF2DD1} = {408CD41D-60C7-4587-A3EA-63C6D675D7D7}
		{9A2F2E2F-BF73-4107-8B29-1997AD8D0963} = {408CD41D-60C7-4587-A3EA-63C6D675D7D7}
	EndGlobalSection
EndGlobal
